Microsoft Visual Studio Solution File, Format Version 12.00
# Visual Studio 2012
Project("{FAE04EC0-301F-11D3-BF4B-00C04F79EFBC}") = "The Little Bang Theory", "The Little Bang Theory.csproj", "{62F306DE-B78F-431F-A6A7-61123BF0FA0D}"
EndProject
Global
	GlobalSection(SolutionConfigurationPlatforms) = preSolution
	Debug|Any CPU = Debug|Any CPU
	ExportDebug|Any CPU = ExportDebug|Any CPU
	ExportRelease|Any CPU = ExportRelease|Any CPU
	EndGlobalSection
	GlobalSection(ProjectConfigurationPlatforms) = postSolution
		{62F306DE-B78F-431F-A6A7-61123BF0FA0D}.Debug|Any CPU.ActiveCfg = Debug|Any CPU
		{62F306DE-B78F-431F-A6A7-61123BF0FA0D}.Debug|Any CPU.Build.0 = Debug|Any CPU
		{62F306DE-B78F-431F-A6A7-61123BF0FA0D}.ExportDebug|Any CPU.ActiveCfg = ExportDebug|Any CPU
		{62F306DE-B78F-431F-A6A7-61123BF0FA0D}.ExportDebug|Any CPU.Build.0 = ExportDebug|Any CPU
		{62F306DE-B78F-431F-A6A7-61123BF0FA0D}.ExportRelease|Any CPU.ActiveCfg = ExportRelease|Any CPU
		{62F306DE-B78F-431F-A6A7-61123BF0FA0D}.ExportRelease|Any CPU.Build.0 = ExportRelease|Any CPU
	EndGlobalSection
EndGlobal
